{
  "version": 4,
  "terraform_version": "1.15.5",
  "serial": 4,
  "lineage": "9bfab4a4-9f6e-4351-c5bf-709791a86e6c",
  "outputs": {
    "service_url": {
      "value": "https://tenantiq-6gluhwvttq-uc.a.run.app",
      "type": "string"
    }
  },
  "resources": [
    {
      "mode": "managed",
      "type": "google_cloud_run_service",
      "name": "tenantiq",
      "provider": "provider[\"registry.terraform.io/hashicorp/google\"]",
      "instances": [
        {
          "schema_version": 1,
          "attributes": {
            "autogenerate_revision_name": false,
            "id": "locations/us-central1/namespaces/tenantiq-497707/services/tenantiq",
            "location": "us-central1",
            "metadata": [
              {
                "annotations": {
                  "run.googleapis.com/client-name": "gcloud",
                  "run.googleapis.com/client-version": "570.0.0",
                  "run.googleapis.com/ingress": "all",
                  "run.googleapis.com/ingress-status": "all",
                  "run.googleapis.com/maxScale": "3",
                  "run.googleapis.com/operation-id": "318f4e15-0537-42fd-ba7d-690250d6c62b",
                  "run.googleapis.com/urls": "[\"https://tenantiq-231419064059.us-central1.run.app\",\"https://tenantiq-6gluhwvttq-uc.a.run.app\"]",
                  "serving.knative.dev/creator": "erinkim040608@gmail.com",
                  "serving.knative.dev/lastModifier": "erinkim040608@gmail.com"
                },
                "generation": 4,
                "labels": {
                  "cloud.googleapis.com/location": "us-central1"
                },
                "namespace": "tenantiq-497707",
                "resource_version": "AAZS3KLjEVs",
                "self_link": "/apis/serving.knative.dev/v1/namespaces/231419064059/services/tenantiq",
                "uid": "f36b29b7-5e5c-43e1-a02d-eea8d3f5e9e0"
              }
            ],
            "name": "tenantiq",
            "project": "tenantiq-497707",
            "status": [
              {
                "conditions": [
                  {
                    "message": "",
                    "reason": "",
                    "status": "True",
                    "type": "Ready"
                  },
                  {
                    "message": "",
                    "reason": "",
                    "status": "True",
                    "type": "ConfigurationsReady"
                  },
                  {
                    "message": "",
                    "reason": "",
                    "status": "True",
                    "type": "RoutesReady"
                  }
                ],
                "latest_created_revision_name": "tenantiq-00004-q94",
                "latest_ready_revision_name": "tenantiq-00004-q94",
                "observed_generation": 4,
                "traffic": [
                  {
                    "latest_revision": true,
                    "percent": 100,
                    "revision_name": "tenantiq-00004-q94",
                    "tag": "",
                    "url": ""
                  }
                ],
                "url": "https://tenantiq-6gluhwvttq-uc.a.run.app"
              }
            ],
            "template": [
              {
                "metadata": [
                  {
                    "annotations": {
                      "autoscaling.knative.dev/maxScale": "3",
                      "run.googleapis.com/client-name": "gcloud",
                      "run.googleapis.com/client-version": "570.0.0",
                      "run.googleapis.com/startup-cpu-boost": "true"
                    },
                    "generation": 0,
                    "labels": {
                      "client.knative.dev/nonce": "hfvvwyzwsa",
                      "run.googleapis.com/startupProbeType": "Default"
                    },
                    "name": "",
                    "namespace": "",
                    "resource_version": "",
                    "self_link": "",
                    "uid": ""
                  }
                ],
                "spec": [
                  {
                    "container_concurrency": 80,
                    "containers": [
                      {
                        "args": [],
                        "command": [],
                        "env": [],
                        "env_from": [],
                        "image": "gcr.io/tenantiq-497707/tenantiq",
                        "liveness_probe": [],
                        "name": "",
                        "ports": [
                          {
                            "container_port": 8080,
                            "name": "http1",
                            "protocol": ""
                          }
                        ],
                        "resources": [
                          {
                            "limits": {
                              "cpu": "1000m",
                              "memory": "1Gi"
                            },
                            "requests": {}
                          }
                        ],
                        "startup_probe": [
                          {
                            "failure_threshold": 1,
                            "grpc": [],
                            "http_get": [],
                            "initial_delay_seconds": 0,
                            "period_seconds": 240,
                            "tcp_socket": [
                              {
                                "port": 8080
                              }
                            ],
                            "timeout_seconds": 240
                          }
                        ],
                        "volume_mounts": [],
                        "working_dir": ""
                      }
                    ],
                    "service_account_name": "231419064059-compute@developer.gserviceaccount.com",
                    "serving_state": "",
                    "timeout_seconds": 300,
                    "volumes": []
                  }
                ]
              }
            ],
            "timeouts": {
              "create": null,
              "delete": null,
              "update": null
            },
            "traffic": [
              {
                "latest_revision": true,
                "percent": 100,
                "revision_name": "",
                "tag": "",
                "url": ""
              }
            ]
          },
          "sensitive_attributes": [],
          "identity_schema_version": 0,
          "private": "eyJlMmJmYjczMC1lY2FhLTExZTYtOGY4OC0zNDM2M2JjN2M0YzAiOnsiY3JlYXRlIjoxMjAwMDAwMDAwMDAwLCJkZWxldGUiOjEyMDAwMDAwMDAwMDAsInVwZGF0ZSI6MTIwMDAwMDAwMDAwMH0sInNjaGVtYV92ZXJzaW9uIjoiMSJ9"
        }
      ]
    },
    {
      "mode": "managed",
      "type": "google_cloud_run_service_iam_member",
      "name": "public",
      "provider": "provider[\"registry.terraform.io/hashicorp/google\"]",
      "instances": [
        {
          "schema_version": 0,
          "attributes": {
            "condition": [],
            "etag": "BwZS4KmAFGA=",
            "id": "v1/projects/tenantiq-497707/locations/us-central1/services/tenantiq/roles/run.invoker/allUsers",
            "location": "us-central1",
            "member": "allUsers",
            "project": "tenantiq-497707",
            "role": "roles/run.invoker",
            "service": "v1/projects/tenantiq-497707/locations/us-central1/services/tenantiq"
          },
          "sensitive_attributes": [],
          "identity_schema_version": 0,
          "private": "bnVsbA==",
          "dependencies": [
            "google_cloud_run_service.tenantiq"
          ]
        }
      ]
    }
  ],
  "check_results": null
}
